{
  "pins" : [
    {
      "identity" : "swift-argument-parser",
      "kind" : "remoteSourceControl",
      "location" : "https://github.com/apple/swift-argument-parser",
      "state" : {
        "revision" : "df9ee6676cd5b3bf5b330ec7568a5644f547201b",
        "version" : "1.1.3"
      }
    },
    {
      "identity" : "swift-protobuf",
      "kind" : "remoteSourceControl",
      "location" : "https://github.com/apple/swift-protobuf.git",
      "state" : {
        "revision" : "e1499bc69b9040b29184f7f2996f7bab467c1639",
        "version" : "1.19.0"
      }
    },
    {
      "identity" : "wmata.swift",
      "kind" : "remoteSourceControl",
      "location" : "https://github.com/emma-k-alexandra/WMATA.swift",
      "state" : {
        "revision" : "189ba0a82a3743a6d88608d5fc7c6ec26c9ccce8",
        "version" : "14.0.0"
      }
    }
  ],
  "version" : 2
}
